
Microsoft Visual Studio Solution File, Format Version 12.00
# Visual Studio Version 16
VisualStudioVersion = 16.0.29009.5
MinimumVisualStudioVersion = 10.0.40219.1
Project("{2150E333-8FDC-42A3-9474-1A3956D46DE8}") = "app1", "app1", "{0F087AB0-BEDE-46A6-92A3-0E3D1197AAD5}"
EndProject
Project("{2150E333-8FDC-42A3-9474-1A3956D46DE8}") = "app2", "app2", "{20576526-E776-4408-A4D8-52C01EAA7357}"
EndProject
Project("{FAE04EC0-301F-11D3-BF4B-00C04F79EFBC}") = "Docker.Proxy.AppOne", "app1\Docker.Proxy.AppOne\Docker.Proxy.AppOne.csproj", "{00C64791-A2BF-47B7-985E-A6F377E0E769}"
EndProject
Project("{FAE04EC0-301F-11D3-BF4B-00C04F79EFBC}") = "Docker.Proxy.AppTwo", "app2\Docker.Proxy.AppTwo\Docker.Proxy.AppTwo.csproj", "{CF29E370-612C-4330-841E-89E62F3D2886}"
EndProject
Project("{E53339B2-1760-4266-BCC7-CA923CBCF16C}") = "docker-compose", "docker-compose.dcproj", "{292245C6-4BD3-41C5-9557-0BECAE5997D2}"
EndProject
Project("{2150E333-8FDC-42A3-9474-1A3956D46DE8}") = "default", "default", "{CF56E633-62F9-4B95-92D8-1AAD5644C3F5}"
EndProject
Global
	GlobalSection(SolutionConfigurationPlatforms) = preSolution
		Debug|Any CPU = Debug|Any CPU
		Release|Any CPU = Release|Any CPU
	EndGlobalSection
	GlobalSection(ProjectConfigurationPlatforms) = postSolution
		{00C64791-A2BF-47B7-985E-A6F377E0E769}.Debug|Any CPU.ActiveCfg = Debug|Any CPU
		{00C64791-A2BF-47B7-985E-A6F377E0E769}.Debug|Any CPU.Build.0 = Debug|Any CPU
		{00C64791-A2BF-47B7-985E-A6F377E0E769}.Release|Any CPU.ActiveCfg = Release|Any CPU
		{00C64791-A2BF-47B7-985E-A6F377E0E769}.Release|Any CPU.Build.0 = Release|Any CPU
		{CF29E370-612C-4330-841E-89E62F3D2886}.Debug|Any CPU.ActiveCfg = Debug|Any CPU
		{CF29E370-612C-4330-841E-89E62F3D2886}.Debug|Any CPU.Build.0 = Debug|Any CPU
		{CF29E370-612C-4330-841E-89E62F3D2886}.Release|Any CPU.ActiveCfg = Release|Any CPU
		{CF29E370-612C-4330-841E-89E62F3D2886}.Release|Any CPU.Build.0 = Release|Any CPU
		{292245C6-4BD3-41C5-9557-0BECAE5997D2}.Debug|Any CPU.ActiveCfg = Debug|Any CPU
		{292245C6-4BD3-41C5-9557-0BECAE5997D2}.Debug|Any CPU.Build.0 = Debug|Any CPU
		{292245C6-4BD3-41C5-9557-0BECAE5997D2}.Release|Any CPU.ActiveCfg = Release|Any CPU
		{292245C6-4BD3-41C5-9557-0BECAE5997D2}.Release|Any CPU.Build.0 = Release|Any CPU
	EndGlobalSection
	GlobalSection(SolutionProperties) = preSolution
		HideSolutionNode = FALSE
	EndGlobalSection
	GlobalSection(NestedProjects) = preSolution
		{00C64791-A2BF-47B7-985E-A6F377E0E769} = {0F087AB0-BEDE-46A6-92A3-0E3D1197AAD5}
		{CF29E370-612C-4330-841E-89E62F3D2886} = {20576526-E776-4408-A4D8-52C01EAA7357}
	EndGlobalSection
	GlobalSection(ExtensibilityGlobals) = postSolution
		SolutionGuid = {602EF764-AEFD-4847-B2C0-1AA1D77D9C44}
	EndGlobalSection
EndGlobal
